dependencies:
- name: kafka
  repository: oci://registry-1.docker.io/bitnamicharts
  version: 32.4.3
- name: prometheus
  repository: https://prometheus-community.github.io/helm-charts
  version: 27.39.0
- name: grafana
  repository: https://grafana.github.io/helm-charts
  version: 8.15.0
digest: sha256:693a7104f67b13a4e54687b4dcb09535677c6eb1c5d16ae5bc58838529fc9700
generated: "2025-09-29T20:22:50.432423062+07:00"
