dependencies:
- name: kafka
  repository: oci://registry-1.docker.io/bitnamicharts
  version: 32.4.3
- name: prometheus
  repository: https://prometheus-community.github.io/helm-charts
  version: 27.39.0
digest: sha256:1b333301feb1bb53175c585e727e57772ffb6a58f846d763fb12d6028308d272
generated: "2025-09-28T19:41:33.01820651+07:00"
